{
  "name": "js-car-zero-length-blocks",
  "version": "1.0.0",
  "lockfileVersion": 2,
  "requires": true,
  "packages": {
    "": {
      "version": "1.0.0",
      "license": "MIT/Apache-2 (Permissive License Stack)",
      "dependencies": {
        "@ipld/car": "^3.1.11",
        "delay": "^5.0.0",
        "minimist": "^1.2.5"
      }
    },
    "node_modules/@ipld/car": {
      "version": "3.1.11",
      "license": "(Apache-2.0 AND MIT)",
      "dependencies": {
        "@ipld/dag-cbor": "^6.0.0",
        "@types/varint": "^6.0.0",
        "multiformats": "^9.0.0",
        "varint": "^6.0.0"
      }
    },
    "node_modules/@ipld/dag-cbor": {
      "version": "6.0.8",
      "license": "(Apache-2.0 AND MIT)",
      "dependencies": {
        "cborg": "^1.2.1",
        "multiformats": "^9.0.0"
      }
    },
    "node_modules/@types/node": {
      "version": "16.4.12",
      "license": "MIT"
    },
    "node_modules/@types/varint": {
      "version": "6.0.0",
      "license": "MIT",
      "dependencies": {
        "@types/node": "*"
      }
    },
    "node_modules/cborg": {
      "version": "1.4.0",
      "license": "Apache-2.0",
      "bin": {
        "cborg": "cli.js"
      }
    },
    "node_modules/delay": {
      "version": "5.0.0",
      "license": "MIT",
      "engines": {
        "node": ">=10"
      },
      "funding": {
        "url": "https://github.com/sponsors/sindresorhus"
      }
    },
    "node_modules/minimist": {
      "version": "1.2.5",
      "license": "MIT"
    },
    "node_modules/multiformats": {
      "version": "9.4.4",
      "license": "(Apache-2.0 AND MIT)"
    },
    "node_modules/varint": {
      "version": "6.0.0",
      "license": "MIT"
    }
  },
  "dependencies": {
    "@ipld/car": {
      "version": "3.1.11",
      "requires": {
        "@ipld/dag-cbor": "^6.0.0",
        "@types/varint": "^6.0.0",
        "multiformats": "^9.0.0",
        "varint": "^6.0.0"
      }
    },
    "@ipld/dag-cbor": {
      "version": "6.0.8",
      "requires": {
        "cborg": "^1.2.1",
        "multiformats": "^9.0.0"
      }
    },
    "@types/node": {
      "version": "16.4.12"
    },
    "@types/varint": {
      "version": "6.0.0",
      "requires": {
        "@types/node": "*"
      }
    },
    "cborg": {
      "version": "1.4.0"
    },
    "delay": {
      "version": "5.0.0"
    },
    "minimist": {
      "version": "1.2.5"
    },
    "multiformats": {
      "version": "9.4.4"
    },
    "varint": {
      "version": "6.0.0"
    }
  }
}
