# THIS IS AN AUTOGENERATED FILE. DO NOT EDIT THIS FILE DIRECTLY.
# yarn lockfile v1


"@ipld/car@^3.1.11":
  version "3.1.11"
  resolved "https://registry.yarnpkg.com/@ipld/car/-/car-3.1.11.tgz#2e97ea7896ddfd2c93d55074f3b1e3ecfdddd4f0"
  integrity sha512-YD99FdOl0252RKUwGtUvtWt0//jmvSMrYbwzK1y65aF3wuV4nWF6pK08jJxusw5KXCc2r0OxfHFXb6l+DNtL5A==
  dependencies:
    "@ipld/dag-cbor" "^6.0.0"
    "@types/varint" "^6.0.0"
    multiformats "^9.0.0"
    varint "^6.0.0"

"@ipld/dag-cbor@^6.0.0":
  version "6.0.8"
  resolved "https://registry.yarnpkg.com/@ipld/dag-cbor/-/dag-cbor-6.0.8.tgz#676918bfda5682afd3b140b05df7af1602c06449"
  integrity sha512-XPTt10PiL66ibPq8lvzE3sVGrpi3eX5XElFZ0AGFdRpWeM0DQlFvzfPMTsG1K8J0+HBx8FxGXjTUrSszTm17pQ==
  dependencies:
    cborg "^1.2.1"
    multiformats "^9.0.0"

"@types/node@*":
  version "16.4.12"
  resolved "https://registry.yarnpkg.com/@types/node/-/node-16.4.12.tgz#961e3091f263e6345d2d84afab4e047a60b4b11b"
  integrity sha512-zxrTNFl9Z8boMJXs6ieqZP0wAhvkdzmHSxTlJabM16cf5G9xBc1uPRH5Bbv2omEDDiM8MzTfqTJXBf0Ba4xFWA==

"@types/varint@^6.0.0":
  version "6.0.0"
  resolved "https://registry.yarnpkg.com/@types/varint/-/varint-6.0.0.tgz#4ad73c23cbc9b7e44379a7729ace7ed9c8bc9854"
  integrity sha512-2jBazyxGl4644tvu3VAez8UA/AtrcEetT9HOeAbqZ/vAcRVL/ZDFQjSS7rkWusU5cyONQVUz+nwwrNZdMva4ow==
  dependencies:
    "@types/node" "*"

cborg@^1.2.1:
  version "1.4.0"
  resolved "https://registry.yarnpkg.com/cborg/-/cborg-1.4.0.tgz#8042e0ee2a2fc206f4061a7235be9eff168e0fa1"
  integrity sha512-PY0n1opfxQ93jj8rgQ7emri/0R9mEvNi+0qnxzMQG5Qc1U/NmxcEdyIgcV1eifjGWwqro1cx3fbDgZ66bwfMHQ==

delay@^5.0.0:
  version "5.0.0"
  resolved "https://registry.yarnpkg.com/delay/-/delay-5.0.0.tgz#137045ef1b96e5071060dd5be60bf9334436bd1d"
  integrity sha512-ReEBKkIfe4ya47wlPYf/gu5ib6yUG0/Aez0JQZQz94kiWtRQvZIQbTiehsnwHvLSWJnQdhVeqYue7Id1dKr0qw==

minimist@^1.2.5:
  version "1.2.5"
  resolved "https://registry.yarnpkg.com/minimist/-/minimist-1.2.5.tgz#67d66014b66a6a8aaa0c083c5fd58df4e4e97602"
  integrity sha512-FM9nNUYrRBAELZQT3xeZQ7fmMOBg6nWNmJKTcgsJeaLstP/UODVpGsr5OhXhhXg6f+qtJ8uiZ+PUxkDWcgIXLw==

multiformats@^9.0.0:
  version "9.4.4"
  resolved "https://registry.yarnpkg.com/multiformats/-/multiformats-9.4.4.tgz#a4e7181705c8e4c8ec2fd62e08a31526697f2503"
  integrity sha512-lGAP3Cuc4nHRq5q9EQZFGegXBlElmlfcz7d2xsDO/u4TG7M2kkdsGOaZPe9FIbfWugWPx643VTXgZctqqJfTzg==

varint@^6.0.0:
  version "6.0.0"
  resolved "https://registry.yarnpkg.com/varint/-/varint-6.0.0.tgz#9881eb0ce8feaea6512439d19ddf84bf551661d0"
  integrity sha512-cXEIW6cfr15lFv563k4GuVuW/fiwjknytD37jIOLSdSWuOI6WnO/oKwmP2FQTU2l01LP8/M5TSAJpzUaGe3uWg==
